
Microsoft Visual Studio Solution File, Format Version 12.00
# Visual Studio Version 17
VisualStudioVersion = 17.12.35527.113
MinimumVisualStudioVersion = 10.0.40219.1
Project("{FAE04EC0-301F-11D3-BF4B-00C04F79EFBC}") = "SCI", "SCI\SCI.csproj", "{20635FA3-B366-466D-A4A4-8ED161A26A8F}"
EndProject
Project("{FAE04EC0-301F-11D3-BF4B-00C04F79EFBC}") = "SCR", "SCR\SCR.csproj", "{404EC993-38D9-4601-9AB3-03519F5A82FA}"
EndProject
Project("{FAE04EC0-301F-11D3-BF4B-00C04F79EFBC}") = "SCE", "SCE\SCE.csproj", "{6B0AED12-529C-4839-8482-405028109B54}"
EndProject
Project("{FAE04EC0-301F-11D3-BF4B-00C04F79EFBC}") = "SCT", "SCT\SCT.csproj", "{0CD94F25-AADE-4264-A3FC-2B70AF3E1964}"
EndProject
Global
	GlobalSection(SolutionConfigurationPlatforms) = preSolution
		Debug|Any CPU = Debug|Any CPU
		Debug|x64 = Debug|x64
		Release|Any CPU = Release|Any CPU
		Release|x64 = Release|x64
	EndGlobalSection
	GlobalSection(ProjectConfigurationPlatforms) = postSolution
		{20635FA3-B366-466D-A4A4-8ED161A26A8F}.Debug|Any CPU.ActiveCfg = Debug|Any CPU
		{20635FA3-B366-466D-A4A4-8ED161A26A8F}.Debug|Any CPU.Build.0 = Debug|Any CPU
		{20635FA3-B366-466D-A4A4-8ED161A26A8F}.Debug|x64.ActiveCfg = Debug|x64
		{20635FA3-B366-466D-A4A4-8ED161A26A8F}.Debug|x64.Build.0 = Debug|x64
		{20635FA3-B366-466D-A4A4-8ED161A26A8F}.Release|Any CPU.ActiveCfg = Release|Any CPU
		{20635FA3-B366-466D-A4A4-8ED161A26A8F}.Release|Any CPU.Build.0 = Release|Any CPU
		{20635FA3-B366-466D-A4A4-8ED161A26A8F}.Release|x64.ActiveCfg = Release|x64
		{20635FA3-B366-466D-A4A4-8ED161A26A8F}.Release|x64.Build.0 = Release|x64
		{404EC993-38D9-4601-9AB3-03519F5A82FA}.Debug|Any CPU.ActiveCfg = Debug|Any CPU
		{404EC993-38D9-4601-9AB3-03519F5A82FA}.Debug|Any CPU.Build.0 = Debug|Any CPU
		{404EC993-38D9-4601-9AB3-03519F5A82FA}.Debug|x64.ActiveCfg = Debug|Any CPU
		{404EC993-38D9-4601-9AB3-03519F5A82FA}.Debug|x64.Build.0 = Debug|Any CPU
		{404EC993-38D9-4601-9AB3-03519F5A82FA}.Release|Any CPU.ActiveCfg = Release|Any CPU
		{404EC993-38D9-4601-9AB3-03519F5A82FA}.Release|Any CPU.Build.0 = Release|Any CPU
		{404EC993-38D9-4601-9AB3-03519F5A82FA}.Release|x64.ActiveCfg = Release|Any CPU
		{404EC993-38D9-4601-9AB3-03519F5A82FA}.Release|x64.Build.0 = Release|Any CPU
		{6B0AED12-529C-4839-8482-405028109B54}.Debug|Any CPU.ActiveCfg = Debug|Any CPU
		{6B0AED12-529C-4839-8482-405028109B54}.Debug|Any CPU.Build.0 = Debug|Any CPU
		{6B0AED12-529C-4839-8482-405028109B54}.Debug|x64.ActiveCfg = Debug|Any CPU
		{6B0AED12-529C-4839-8482-405028109B54}.Debug|x64.Build.0 = Debug|Any CPU
		{6B0AED12-529C-4839-8482-405028109B54}.Release|Any CPU.ActiveCfg = Release|Any CPU
		{6B0AED12-529C-4839-8482-405028109B54}.Release|Any CPU.Build.0 = Release|Any CPU
		{6B0AED12-529C-4839-8482-405028109B54}.Release|x64.ActiveCfg = Release|Any CPU
		{6B0AED12-529C-4839-8482-405028109B54}.Release|x64.Build.0 = Release|Any CPU
		{0CD94F25-AADE-4264-A3FC-2B70AF3E1964}.Debug|Any CPU.ActiveCfg = Debug|Any CPU
		{0CD94F25-AADE-4264-A3FC-2B70AF3E1964}.Debug|Any CPU.Build.0 = Debug|Any CPU
		{0CD94F25-AADE-4264-A3FC-2B70AF3E1964}.Debug|x64.ActiveCfg = Debug|Any CPU
		{0CD94F25-AADE-4264-A3FC-2B70AF3E1964}.Debug|x64.Build.0 = Debug|Any CPU
		{0CD94F25-AADE-4264-A3FC-2B70AF3E1964}.Release|Any CPU.ActiveCfg = Release|Any CPU
		{0CD94F25-AADE-4264-A3FC-2B70AF3E1964}.Release|Any CPU.Build.0 = Release|Any CPU
		{0CD94F25-AADE-4264-A3FC-2B70AF3E1964}.Release|x64.ActiveCfg = Release|Any CPU
		{0CD94F25-AADE-4264-A3FC-2B70AF3E1964}.Release|x64.Build.0 = Release|Any CPU
	EndGlobalSection
	GlobalSection(SolutionProperties) = preSolution
		HideSolutionNode = FALSE
	EndGlobalSection
	GlobalSection(ExtensibilityGlobals) = postSolution
		SolutionGuid = {E5C90249-CE28-4B6B-888A-B805BEB370D0}
	EndGlobalSection
EndGlobal
